github.com/Microsoft/go-winio v0.6.1 h1:9/kr64B9VUZrLm5YYwbGtUJnMgqWVOdUAXu6Migciow=
github.com/Microsoft/go-winio v0.6.1/go.mod h1:LRdKpFKfdobln8UmuiYcKPot9D2v6svN5+sAH+4kjUM=
github.com/StackExchange/wmi v1.2.1 h1:VIkavFPXSjcnS+O8yTq7NI32k0R5Aj+v39y29VYDOSA=
github.com/StackExchange/wmi v1.2.1/go.mod h1:rcmrprowKIVzvc+NUiLncP2uuArMWLCbu9SBzvHz7e8=
github.com/VictoriaMetrics/fastcache v1.12.1 h1:i0mICQuojGDL3KblA7wUNlY5lOK6a4bwt3uRKnkZU40=
github.com/VictoriaMetrics/fastcache v1.12.1/go.mod h1:tX04vaqcNoQeGLD+ra5pU5sWkuxnzWhEzLwhP9w653o=
github.com/btcsuite/btcd/btcec/v2 v2.2.0 h1:fzn1qaOt32TuLjFlkzYSsBC35Q3KUjT1SwPxiMSCF5k=
github.com/btcsuite/btcd/btcec/v2 v2.2.0/go.mod h1:U7MHm051Al6XmscBQ0BoNydpOTsFAn707034b5nY8zU=
github.com/btcsuite/btcd/chaincfg/chainhash v1.0.1 h1:q0rUy8C/TYNBQS1+CGKw68tLOFYSNEs0TFnxxnS9+4U=
github.com/btcsuite/btcd/chaincfg/chainhash v1.0.1/go.mod h1:7SFka0XMvUgj3hfZtydOrQY2mwhPclbT2snogU7SQQc=
github.com/cakturk/go-netstat v0.0.0-20200220111822-e5b49efee7a5 h1:BjkPE3785EwPhhyuFkbINB+2a1xATwk8SNDWnJiD41g=
github.com/cakturk/go-netstat v0.0.0-20200220111822-e5b49efee7a5/go.mod h1:jtAfVaU/2cu1+wdSRPWE2c1N2qeAA3K4RH9pYgqwets=
github.com/cespare/xxhash/v2 v2.2.0 h1:DC2CZ1Ep5Y4k3ZQ899DldepgrayRUGE6BBZ/cd9Cj44=
github.com/cespare/xxhash/v2 v2.2.0/go.mod h1:VGX0DQ3Q6kWi7AoAeZDth3/j3BFtOZR5XLFGgcrjCOs=
github.com/davecgh/go-spew v1.1.1 h1:vj9j/u1bqnvCEfJOwUhtlOARqs3+rkHYY13jYWTU97c=
github.com/davecgh/go-spew v1.1.1/go.mod h1:J7Y8YcW2NihsgmVo/mv3lAwl/skON4iLHjSsI+c5H38=
github.com/deckarep/golang-set v1.8.0 h1:sk9/l/KqpunDwP7pSjUg0keiOOLEnOBHzykLrsPppp4=
github.com/deckarep/golang-set v1.8.0/go.mod h1:5nI87KwE7wgsBU1F4GKAw2Qod7p5kyS383rP6+o6qqo=
github.com/decred/dcrd/crypto/blake256 v1.0.0 h1:/8DMNYp9SGi5f0w7uCm6d6M4OU2rGFK09Y2A4Xv7EE0=
github.com/decred/dcrd/crypto/blake256 v1.0.0/go.mod h1:sQl2p6Y26YV+ZOcSTP6thNdn47hh8kt6rqSlvmrXFAc=
github.com/decred/dcrd/dcrec/secp256k1/v4 v4.0.1 h1:YLtO71vCjJRCBcrPMtQ9nqBsqpA1m5sE92cU+pd5Mcc=
github.com/decred/dcrd/dcrec/secp256k1/v4 v4.0.1/go.mod h1:hyedUtir6IdtD/7lIxGeCxkaw7y45JueMRL4DIyJDKs=
github.com/go-ole/go-ole v1.2.5/go.mod h1:pprOEPIfldk/42T2oK7lQ4v4JSDwmV0As9GaiUsvbm0=
github.com/go-ole/go-ole v1.3.0 h1:Dt6ye7+vXGIKZ7Xtk4s6/xVdGDQynvom7xCFEdWr6uE=
github.com/go-ole/go-ole v1.3.0/go.mod h1:5LS6F96DhAwUc7C+1HLexzMXY1xGRSryjyPPKW6zv78=
github.com/go-stack/stack v1.8.1 h1:ntEHSVwIt7PNXNpgPmVfMrNhLtgjlmnZha2kOpuRiDw=
github.com/go-stack/stack v1.8.1/go.mod h1:dcoOX6HbPZSZptuspn9bctJ+N/CnF5gGygcUP3XYfe4=
github.com/golang/snappy v0.0.5-0.20220116011046-fa5810519dcb h1:PBC98N2aIaM3XXiurYmW7fx4GZkL8feAMVq7nEjURHk=
github.com/golang/snappy v0.0.5-0.20220116011046-fa5810519dcb/go.mod h1:/XxbfmMg8lxefKM7IXC3fBNl/7bRcc72aCRzEWrmP2Q=
github.com/google/go-cmp v0.6.0 h1:ofyhxvXcZhMsU5ulbFiLKl/XBFqE1GSq7atu8tAmTRI=
github.com/google/go-cmp v0.6.0/go.mod h1:17dUlkBOakJ0+DkrSSNjCkIjxS6bF9zb3elmeNGIjoY=
github.com/gorilla/websocket v1.4.2 h1:+/TMaTYc4QFitKJxsQ7Yye35DkWvkdLcvGKqM+x0Ufc=
github.com/gorilla/websocket v1.4.2/go.mod h1:YR8l580nyteQvAITg2hZ9XVh4b55+EU/adAjf1fMHhE=
github.com/holiman/bloomfilter/v2 v2.0.3 h1:73e0e/V0tCydx14a0SCYS/EWCxgwLZ18CZcZKVu0fao=
github.com/holiman/bloomfilter/v2 v2.0.3/go.mod h1:zpoh+gs7qcpqrHr3dB55AMiJwo0iURXE7ZOP9L9hSkA=
github.com/pkg/errors v0.9.1 h1:FEBLx1zS214owpjy7qsBeixbURkuhQAwrK5UwLGTwt4=
github.com/pkg/errors v0.9.1/go.mod h1:bwawxfHBFNV+L2hUp1rHADufV3IMtnDRdf1r5NINEl0=
github.com/pmezard/go-difflib v1.0.0 h1:4DBwDE0NGyQoBHbLQYPwSUPoCMWR5BEzIk/f1lZbAQM=
github.com/pmezard/go-difflib v1.0.0/go.mod h1:iKH77koFhYxTK1pcRnkKkqfTogsbg7gZNVY4sRDYZ/4=
github.com/prometheus/tsdb v0.10.0 h1:If5rVCMTp6W2SiRAQFlbpJNgVlgMEd+U2GZckwK38ic=
github.com/prometheus/tsdb v0.10.0/go.mod h1:oi49uRhEe9dPUTlS3JRZOwJuVi6tmh10QSgwXEyGCt4=
github.com/shirou/gopsutil v3.21.4-0.20210419000835-c7a38de76ee5+incompatible h1:Bn1aCHHRnjv4Bl16T8rcaFjYSrGrIZvpiGO6P3Q4GpU=
github.com/shirou/gopsutil v3.21.4-0.20210419000835-c7a38de76ee5+incompatible/go.mod h1:5b4v6he4MtMOwMlS0TUMTu2PcXUg8+E1lC7eC3UO/RA=
github.com/stretchr/testify v1.9.0 h1:HtqpIVDClZ4nwg75+f6Lvsy/wHu+3BoSGCbBAcpTsTg=
github.com/stretchr/testify v1.9.0/go.mod h1:r2ic/lqez/lEtzL7wO/rwa5dbSLXVDPFyf8C91i36aY=
github.com/syndtr/goleveldb v1.0.1-0.20220614013038-64ee5596c38a h1:1ur3QoCqvE5fl+nylMaIr9PVV1w343YRDtsy+Rwu7XI=
github.com/syndtr/goleveldb v1.0.1-0.20220614013038-64ee5596c38a/go.mod h1:RRCYJbIwD5jmqPI9XoAFR0OcDxqUctll6zUj/+B4S48=
github.com/tklauser/go-sysconf v0.3.12 h1:0QaGUFOdQaIVdPgfITYzaTegZvdCjmYO52cSFAEVmqU=
github.com/tklauser/go-sysconf v0.3.12/go.mod h1:Ho14jnntGE1fpdOqQEEaiKRpvIavV0hSfmBq8nJbHYI=
github.com/tklauser/numcpus v0.6.1 h1:ng9scYS7az0Bk4OZLvrNXNSAO2Pxr1XXRAPyjhIx+Fk=
github.com/tklauser/numcpus v0.6.1/go.mod h1:1XfjsgE2zo8GVw7POkMbHENHzVg3GzmoZ9fESEdAacY=
golang.org/x/crypto v0.37.0 h1:kJNSjF/Xp7kU0iB2Z+9viTPMW4EqqsrywMXLJOOsXSE=
golang.org/x/crypto v0.37.0/go.mod h1:vg+k43peMZ0pUMhYmVAWysMK35e6ioLh3wB8ZCAfbVc=
golang.org/x/mod v0.22.0 h1:D4nJWe9zXqHOmWqj4VMOJhvzj7bEZg4wEYa759z1pH4=
golang.org/x/mod v0.22.0/go.mod h1:6SkKJ3Xj0I0BrPOZoBy3bdMptDDU9oJrpohJ3eWZ1fY=
golang.org/x/sync v0.13.0 h1:AauUjRAJ9OSnvULf/ARrrVywoJDy0YS2AwQ98I37610=
golang.org/x/sync v0.13.0/go.mod h1:1dzgHSNfp02xaA81J2MS99Qcpr2w7fw1gpm99rleRqA=
golang.org/x/sys v0.0.0-20190916202348-b4ddaad3f8a3/go.mod h1:h1NjWce9XRLGQEsW7wpKNCjG9DtNlClVuFLEZdDNbEs=
golang.org/x/sys v0.1.0/go.mod h1:oPkhp1MJrh7nUepCBck5+mAzfO9JrbApNNgaTdGDITg=
golang.org/x/sys v0.8.0/go.mod h1:oPkhp1MJrh7nUepCBck5+mAzfO9JrbApNNgaTdGDITg=
golang.org/x/sys v0.11.0/go.mod h1:oPkhp1MJrh7nUepCBck5+mAzfO9JrbApNNgaTdGDITg=
golang.org/x/sys v0.32.0 h1:s77OFDvIQeibCmezSnk/q6iAfkdiQaJi4VzroCFrN20=
golang.org/x/sys v0.32.0/go.mod h1:BJP2sWEmIv4KK5OTEluFJCKSidICx8ciO85XgH3Ak8k=
golang.org/x/tools v0.29.0 h1:Xx0h3TtM9rzQpQuR4dKLrdglAmCEN5Oi+P74JdhdzXE=
golang.org/x/tools v0.29.0/go.mod h1:KMQVMRsVxU6nHCFXrBPhDB8XncLNLM0lIy/F14RP588=
gopkg.in/yaml.v3 v3.0.1 h1:fxVm/GzAzEWqLHuvctI91KS9hhNmmWOoWu0XTYJS7CA=
gopkg.in/yaml.v3 v3.0.1/go.mod h1:K4uyk7z7BCEPqu6E+C64Yfv1cQ7kz7rIZviUmN+EgEM=
